{
  "nodes": {
    "enclaves-image-format": {
      "flake": false,
      "locked": {
        "lastModified": 1722610415,
        "narHash": "sha256-vtMmyAcNUWzZqS1NQISMdq1JZ9nxOmqSNahnbRhFmpQ=",
        "owner": "aws",
        "repo": "aws-nitro-enclaves-image-format",
        "rev": "483114f1da3bad913ad1fb7d5c00dadacc6cbae6",
        "type": "github"
      },
      "original": {
        "owner": "aws",
        "repo": "aws-nitro-enclaves-image-format",
        "rev": "483114f1da3bad913ad1fb7d5c00dadacc6cbae6",
        "type": "github"
      }
    },
    "enclaves-sdk-bootstrap": {
      "flake": false,
      "locked": {
        "lastModified": 1721807759,
        "narHash": "sha256-jcdxssY3m/YAMIZSscZtnbPeAdFT5on2evD58YNwyxE=",
        "owner": "aws",
        "repo": "aws-nitro-enclaves-sdk-bootstrap",
        "rev": "7614f19963e4e956493b3260fda4d62834bb281c",
        "type": "github"
      },
      "original": {
        "owner": "aws",
        "repo": "aws-nitro-enclaves-sdk-bootstrap",
        "rev": "7614f19963e4e956493b3260fda4d62834bb281c",
        "type": "github"
      }
    },
    "flake-parts": {
      "inputs": {
        "nixpkgs-lib": "nixpkgs-lib"
      },
      "locked": {
        "lastModified": 1751413152,
        "narHash": "sha256-Tyw1RjYEsp5scoigs1384gIg6e0GoBVjms4aXFfRssQ=",
        "owner": "hercules-ci",
        "repo": "flake-parts",
        "rev": "77826244401ea9de6e3bac47c2db46005e1f30b5",
        "type": "github"
      },
      "original": {
        "owner": "hercules-ci",
        "repo": "flake-parts",
        "type": "github"
      }
    },
    "flake-utils": {
      "inputs": {
        "systems": "systems"
      },
      "locked": {
        "lastModified": 1731533236,
        "narHash": "sha256-l0KFg5HjrsfsO/JpG+r7fRrqm12kzFHyUHqHCVpMMbI=",
        "owner": "numtide",
        "repo": "flake-utils",
        "rev": "11707dc2f618dd54ca8739b309ec4fc024de578b",
        "type": "github"
      },
      "original": {
        "owner": "numtide",
        "repo": "flake-utils",
        "type": "github"
      }
    },
    "nitro": {
      "flake": false,
      "locked": {
        "lastModified": 1755193042,
        "narHash": "sha256-Qkm51TzV5uRkiS1SVz0d26P1yM9qWRGvY+HtT1MSiS0=",
        "ref": "refs/heads/eigenda-v3.6.4",
        "rev": "5d4b2fd07906b126428e11efe2916543af443ce3",
        "revCount": 18609,
        "submodules": true,
        "type": "git",
        "url": "https://github.com/SyndicateProtocol/nitro.git"
      },
      "original": {
        "submodules": true,
        "type": "git",
        "url": "https://github.com/SyndicateProtocol/nitro.git"
      }
    },
    "nix-filter": {
      "locked": {
        "lastModified": 1731533336,
        "narHash": "sha256-oRam5PS1vcrr5UPgALW0eo1m/5/pls27Z/pabHNy2Ms=",
        "owner": "numtide",
        "repo": "nix-filter",
        "rev": "f7653272fd234696ae94229839a99b73c9ab7de0",
        "type": "github"
      },
      "original": {
        "owner": "numtide",
        "repo": "nix-filter",
        "type": "github"
      }
    },
    "nixpkgs": {
      "locked": {
        "lastModified": 1735563628,
        "narHash": "sha256-OnSAY7XDSx7CtDoqNh8jwVwh4xNL/2HaJxGjryLWzX8=",
        "owner": "NixOS",
        "repo": "nixpkgs",
        "rev": "b134951a4c9f3c995fd7be05f3243f8ecd65d798",
        "type": "github"
      },
      "original": {
        "owner": "NixOS",
        "ref": "nixos-24.05",
        "repo": "nixpkgs",
        "type": "github"
      }
    },
    "nixpkgs-2505": {
      "locked": {
        "lastModified": 1752866191,
        "narHash": "sha256-NV4S2Lf2hYmZQ3Qf4t/YyyBaJNuxLPyjzvDma0zPp/M=",
        "owner": "NixOS",
        "repo": "nixpkgs",
        "rev": "f01fe91b0108a7aff99c99f2e9abbc45db0adc2a",
        "type": "github"
      },
      "original": {
        "owner": "NixOS",
        "ref": "nixos-25.05",
        "repo": "nixpkgs",
        "type": "github"
      }
    },
    "nixpkgs-lib": {
      "locked": {
        "lastModified": 1751159883,
        "narHash": "sha256-urW/Ylk9FIfvXfliA1ywh75yszAbiTEVgpPeinFyVZo=",
        "owner": "nix-community",
        "repo": "nixpkgs.lib",
        "rev": "14a40a1d7fb9afa4739275ac642ed7301a9ba1ab",
        "type": "github"
      },
      "original": {
        "owner": "nix-community",
        "repo": "nixpkgs.lib",
        "type": "github"
      }
    },
    "root": {
      "inputs": {
        "enclaves-image-format": "enclaves-image-format",
        "enclaves-sdk-bootstrap": "enclaves-sdk-bootstrap",
        "flake-parts": "flake-parts",
        "nitro": "nitro",
        "nix-filter": "nix-filter",
        "nixpkgs": "nixpkgs",
        "nixpkgs-2505": "nixpkgs-2505",
        "solc": "solc",
        "systems": "systems_2"
      }
    },
    "solc": {
      "inputs": {
        "flake-utils": "flake-utils",
        "nixpkgs": [
          "nixpkgs"
        ],
        "solc-macos-amd64-list-json": "solc-macos-amd64-list-json"
      },
      "locked": {
        "lastModified": 1748780655,
        "narHash": "sha256-mradCdMvjXwKd7kVFACB/d1CP2LLCyEgUu4vJCSzNLU=",
        "owner": "hellwolf",
        "repo": "solc.nix",
        "rev": "3b6f3223ace5a7bc400b01a434d86bb1cb2593fb",
        "type": "github"
      },
      "original": {
        "owner": "hellwolf",
        "repo": "solc.nix",
        "type": "github"
      }
    },
    "solc-macos-amd64-list-json": {
      "flake": false,
      "locked": {
        "narHash": "sha256-AvITkfpNYgCypXuLJyqco0li+unVw39BAfdOZvd/SPE=",
        "type": "file",
        "url": "https://github.com/ethereum/solc-bin/raw/26fc3fd/macosx-amd64/list.json"
      },
      "original": {
        "type": "file",
        "url": "https://github.com/ethereum/solc-bin/raw/26fc3fd/macosx-amd64/list.json"
      }
    },
    "systems": {
      "locked": {
        "lastModified": 1681028828,
        "narHash": "sha256-Vy1rq5AaRuLzOxct8nz4T6wlgyUR7zLU309k9mBC768=",
        "owner": "nix-systems",
        "repo": "default",
        "rev": "da67096a3b9bf56a91d16901293e51ba5b49a27e",
        "type": "github"
      },
      "original": {
        "owner": "nix-systems",
        "repo": "default",
        "type": "github"
      }
    },
    "systems_2": {
      "locked": {
        "lastModified": 1680978846,
        "narHash": "sha256-Gtqg8b/v49BFDpDetjclCYXm8mAnTrUzR0JnE2nv5aw=",
        "owner": "nix-systems",
        "repo": "x86_64-linux",
        "rev": "2ecfcac5e15790ba6ce360ceccddb15ad16d08a8",
        "type": "github"
      },
      "original": {
        "owner": "nix-systems",
        "repo": "x86_64-linux",
        "type": "github"
      }
    }
  },
  "root": "root",
  "version": 7
}
